
Microsoft Visual Studio Solution File, Format Version 12.00
Project("{FAE04EC0-301F-11D3-BF4B-00C04F79EFBC}") = "BindigTest.App", "BindigTest.App\BindigTest.App.csproj", "{5B0545F3-538E-4753-B7FD-7ED9998FCA40}"
EndProject
Project("{FAE04EC0-301F-11D3-BF4B-00C04F79EFBC}") = "BindigTest.Lib", "BindigTest.Lib\BindigTest.Lib.csproj", "{918C363F-8BE3-4731-A5ED-4E5A6E8C61E2}"
EndProject
Global
	GlobalSection(SolutionConfigurationPlatforms) = preSolution
		Debug|Any CPU = Debug|Any CPU
		Release|Any CPU = Release|Any CPU
	EndGlobalSection
	GlobalSection(ProjectConfigurationPlatforms) = postSolution
		{5B0545F3-538E-4753-B7FD-7ED9998FCA40}.Debug|Any CPU.ActiveCfg = Debug|Any CPU
		{5B0545F3-538E-4753-B7FD-7ED9998FCA40}.Debug|Any CPU.Build.0 = Debug|Any CPU
		{5B0545F3-538E-4753-B7FD-7ED9998FCA40}.Release|Any CPU.ActiveCfg = Release|Any CPU
		{5B0545F3-538E-4753-B7FD-7ED9998FCA40}.Release|Any CPU.Build.0 = Release|Any CPU
		{918C363F-8BE3-4731-A5ED-4E5A6E8C61E2}.Debug|Any CPU.ActiveCfg = Debug|Any CPU
		{918C363F-8BE3-4731-A5ED-4E5A6E8C61E2}.Debug|Any CPU.Build.0 = Debug|Any CPU
		{918C363F-8BE3-4731-A5ED-4E5A6E8C61E2}.Release|Any CPU.ActiveCfg = Release|Any CPU
		{918C363F-8BE3-4731-A5ED-4E5A6E8C61E2}.Release|Any CPU.Build.0 = Release|Any CPU
	EndGlobalSection
EndGlobal
